
Microsoft Visual Studio Solution File, Format Version 12.00
# Visual Studio Version 17
VisualStudioVersion = 17.0.32126.317
MinimumVisualStudioVersion = 10.0.40219.1
Project("{FAE04EC0-301F-11D3-BF4B-00C04F79EFBC}") = "WebApp_UnderTheHood", "WebApp_UnderTheHood\WebApp_UnderTheHood.csproj", "{48AC839B-7E06-46A3-B600-48122FF558F1}"
EndProject
Global
	GlobalSection(SolutionConfigurationPlatforms) = preSolution
		Debug|Any CPU = Debug|Any CPU
		Release|Any CPU = Release|Any CPU
	EndGlobalSection
	GlobalSection(ProjectConfigurationPlatforms) = postSolution
		{48AC839B-7E06-46A3-B600-48122FF558F1}.Debug|Any CPU.ActiveCfg = Debug|Any CPU
		{48AC839B-7E06-46A3-B600-48122FF558F1}.Debug|Any CPU.Build.0 = Debug|Any CPU
		{48AC839B-7E06-46A3-B600-48122FF558F1}.Release|Any CPU.ActiveCfg = Release|Any CPU
		{48AC839B-7E06-46A3-B600-48122FF558F1}.Release|Any CPU.Build.0 = Release|Any CPU
	EndGlobalSection
	GlobalSection(SolutionProperties) = preSolution
		HideSolutionNode = FALSE
	EndGlobalSection
	GlobalSection(ExtensibilityGlobals) = postSolution
		SolutionGuid = {D26E0205-F2E3-4C85-B01D-C155784EE8EE}
	EndGlobalSection
EndGlobal
